// !$*UTF8*$!
{
	archiveVersion = 1;
	classes = {
	};
	objectVersion = 56;
	objects = {

/* Begin PBXBuildFile section */
		FCCCA8542CDFF95E00FAECDA /* AppDelegate.swift in Sources */ = {isa = PBXBuildFile; fileRef = FCCCA8532CDFF95E00FAECDA /* AppDelegate.swift */; };
		FCCCA8562CDFF95E00FAECDA /* SceneDelegate.swift in Sources */ = {isa = PBXBuildFile; fileRef = FCCCA8552CDFF95E00FAECDA /* SceneDelegate.swift */; };
		FCCCA8582CDFF95E00FAECDA /* ViewController.swift in Sources */ = {isa = PBXBuildFile; fileRef = FCCCA8572CDFF95E00FAECDA /* ViewController.swift */; };
		FCCCA85B2CDFF95E00FAECDA /* Base in Resources */ = {isa = PBXBuildFile; fileRef = FCCCA85A2CDFF95E00FAECDA /* Base */; };
		FCCCA85D2CDFF95F00FAECDA /* Assets.xcassets in Resources */ = {isa = PBXBuildFile; fileRef = FCCCA85C2CDFF95F00FAECDA /* Assets.xcassets */; };
		FCCCA8602CDFF95F00FAECDA /* Base in Resources */ = {isa = PBXBuildFile; fileRef = FCCCA85F2CDFF95F00FAECDA /* Base */; };
		FCCCA8682CDFFA0E00FAECDA /* FavoriteTableViewCell.swift in Sources */ = {isa = PBXBuildFile; fileRef = FCCCA8672CDFFA0E00FAECDA /* FavoriteTableViewCell.swift */; };
/* End PBXBuildFile section */

/* Begin PBXFileReference section */
		FCCCA8502CDFF95E00FAECDA /* FavsApp.app */ = {isa = PBXFileReference; explicitFileType = wrapper.application; includeInIndex = 0; path = FavsApp.app; sourceTree = BUILT_PRODUCTS_DIR; };
		FCCCA8532CDFF95E00FAECDA /* AppDelegate.swift */ = {isa = PBXFileReference; lastKnownFileType = sourcecode.swift; path = AppDelegate.swift; sourceTree = "<group>"; };
		FCCCA8552CDFF95E00FAECDA /* SceneDelegate.swift */ = {isa = PBXFileReference; lastKnownFileType = sourcecode.swift; path = SceneDelegate.swift; sourceTree = "<group>"; };
		FCCCA8572CDFF95E00FAECDA /* ViewController.swift */ = {isa = PBXFileReference; lastKnownFileType = sourcecode.swift; path = ViewController.swift; sourceTree = "<group>"; };
		FCCCA85A2CDFF95E00FAECDA /* Base */ = {isa = PBXFileReference; lastKnownFileType = file.storyboard; name = Base; path = Base.lproj/Main.storyboard; sourceTree = "<group>"; };
		FCCCA85C2CDFF95F00FAECDA /* Assets.xcassets */ = {isa = PBXFileReference; lastKnownFileType = folder.assetcatalog; path = Assets.xcassets; sourceTree = "<group>"; };
		FCCCA85F2CDFF95F00FAECDA /* Base */ = {isa = PBXFileReference; lastKnownFileType = file.storyboard; name = Base; path = Base.lproj/LaunchScreen.storyboard; sourceTree = "<group>"; };
		FCCCA8612CDFF95F00FAECDA /* Info.plist */ = {isa = PBXFileReference; lastKnownFileType = text.plist.xml; path = Info.plist; sourceTree = "<group>"; };
		FCCCA8672CDFFA0E00FAECDA /* FavoriteTableViewCell.swift */ = {isa = PBXFileReference; lastKnownFileType = sourcecode.swift; path = FavoriteTableViewCell.swift; sourceTree = "<group>"; };
/* End PBXFileReference section */

/* Begin PBXFrameworksBuildPhase section */
		FCCCA84D2CDFF95E00FAECDA /* Frameworks */ = {
			isa = PBXFrameworksBuildPhase;
			buildActionMask = 2147483647;
			files = (
			);
			runOnlyForDeploymentPostprocessing = 0;
		};
/* End PBXFrameworksBuildPhase section */

/* Begin PBXGroup section */
		FCCCA8472CDFF95E00FAECDA = {
			isa = PBXGroup;
			children = (
				FCCCA8522CDFF95E00FAECDA /* FavsApp */,
				FCCCA8512CDFF95E00FAECDA /* Products */,
			);
			sourceTree = "<group>";
		};
		FCCCA8512CDFF95E00FAECDA /* Products */ = {
			isa = PBXGroup;
			children = (
				FCCCA8502CDFF95E00FAECDA /* FavsApp.app */,
			);
			name = Products;
			sourceTree = "<group>";
		};
		FCCCA8522CDFF95E00FAECDA /* FavsApp */ = {
			isa = PBXGroup;
			children = (
				FCCCA8532CDFF95E00FAECDA /* AppDelegate.swift */,
				FCCCA8552CDFF95E00FAECDA /* SceneDelegate.swift */,
				FCCCA8572CDFF95E00FAECDA /* ViewController.swift */,
				FCCCA8592CDFF95E00FAECDA /* Main.storyboard */,
				FCCCA8672CDFFA0E00FAECDA /* FavoriteTableViewCell.swift */,
				FCCCA85C2CDFF95F00FAECDA /* Assets.xcassets */,
				FCCCA85E2CDFF95F00FAECDA /* LaunchScreen.storyboard */,
				FCCCA8612CDFF95F00FAECDA /* Info.plist */,
			);
			path = FavsApp;
			sourceTree = "<group>";
		};
/* End PBXGroup section */

/* Begin PBXNativeTarget section */
		FCCCA84F2CDFF95E00FAECDA /* FavsApp */ = {
			isa = PBXNativeTarget;
			buildConfigurationList = FCCCA8642CDFF95F00FAECDA /* Build configuration list for PBXNativeTarget "FavsApp" */;
			buildPhases = (
				FCCCA84C2CDFF95E00FAECDA /* Sources */,
				FCCCA84D2CDFF95E00FAECDA /* Frameworks */,
				FCCCA84E2CDFF95E00FAECDA /* Resources */,
			);
			buildRules = (
			);
			dependencies = (
			);
			name = FavsApp;
			productName = FavsApp;
			productReference = FCCCA8502CDFF95E00FAECDA /* FavsApp.app */;
			productType = "com.apple.product-type.application";
		};
/* End PBXNativeTarget section */

/* Begin PBXProject section */
		FCCCA8482CDFF95E00FAECDA /* Project object */ = {
			isa = PBXProject;
			attributes = {
				BuildIndependentTargetsInParallel = 1;
				LastSwiftUpdateCheck = 1540;
				LastUpgradeCheck = 1540;
				TargetAttributes = {
					FCCCA84F2CDFF95E00FAECDA = {
						CreatedOnToolsVersion = 15.4;
					};
				};
			};
			buildConfigurationList = FCCCA84B2CDFF95E00FAECDA /* Build configuration list for PBXProject "FavsApp" */;
			compatibilityVersion = "Xcode 14.0";
			developmentRegion = en;
			hasScannedForEncodings = 0;
			knownRegions = (
				en,
				Base,
			);
			mainGroup = FCCCA8472CDFF95E00FAECDA;
			productRefGroup = FCCCA8512CDFF95E00FAECDA /* Products */;
			projectDirPath = "";
			projectRoot = "";
			targets = (
				FCCCA84F2CDFF95E00FAECDA /* FavsApp */,
			);
		};
/* End PBXProject section */

/* Begin PBXResourcesBuildPhase section */
		FCCCA84E2CDFF95E00FAECDA /* Resources */ = {
			isa = PBXResourcesBuildPhase;
			buildActionMask = 2147483647;
			files = (
				FCCCA85D2CDFF95F00FAECDA /* Assets.xcassets in Resources */,
				FCCCA8602CDFF95F00FAECDA /* Base in Resources */,
				FCCCA85B2CDFF95E00FAECDA /* Base in Resources */,
			);
			runOnlyForDeploymentPostprocessing = 0;
		};
/* End PBXResourcesBuildPhase section */

/* Begin PBXSourcesBuildPhase section */
		FCCCA84C2CDFF95E00FAECDA /* Sources */ = {
			isa = PBXSourcesBuildPhase;
			buildActionMask = 2147483647;
			files = (
				FCCCA8582CDFF95E00FAECDA /* ViewController.swift in Sources */,
				FCCCA8682CDFFA0E00FAECDA /* FavoriteTableViewCell.swift in Sources */,
				FCCCA8542CDFF95E00FAECDA /* AppDelegate.swift in Sources */,
				FCCCA8562CDFF95E00FAECDA /* SceneDelegate.swift in Sources */,
			);
			runOnlyForDeploymentPostprocessing = 0;
		};
/* End PBXSourcesBuildPhase section */

/* Begin PBXVariantGroup section */
		FCCCA8592CDFF95E00FAECDA /* Main.storyboard */ = {
			isa = PBXVariantGroup;
			children = (
				FCCCA85A2CDFF95E00FAECDA /* Base */,
			);
			name = Main.storyboard;
			sourceTree = "<group>";
		};
		FCCCA85E2CDFF95F00FAECDA /* LaunchScreen.storyboard */ = {
			isa = PBXVariantGroup;
			children = (
				FCCCA85F2CDFF95F00FAECDA /* Base */,
			);
			name = LaunchScreen.storyboard;
			sourceTree = "<group>";
		};
/* End PBXVariantGroup section */

/* Begin XCBuildConfiguration section */
		FCCCA8622CDFF95F00FAECDA /* Debug */ = {
			isa = XCBuildConfiguration;
			buildSettings = {
				ALWAYS_SEARCH_USER_PATHS = NO;
				ASSETCATALOG_COMPILER_GENERATE_SWIFT_ASSET_SYMBOL_EXTENSIONS = YES;
				CLANG_ANALYZER_NONNULL = YES;
				CLANG_ANALYZER_NUMBER_OBJECT_CONVERSION = YES_AGGRESSIVE;
				CLANG_CXX_LANGUAGE_STANDARD = "gnu++20";
				CLANG_ENABLE_MODULES = YES;
				CLANG_ENABLE_OBJC_ARC = YES;
				CLANG_ENABLE_OBJC_WEAK = YES;
				CLANG_WARN_BLOCK_CAPTURE_AUTORELEASING = YES;
				CLANG_WARN_BOOL_CONVERSION = YES;
				CLANG_WARN_COMMA = YES;
				CLANG_WARN_CONSTANT_CONVERSION = YES;
				CLANG_WARN_DEPRECATED_OBJC_IMPLEMENTATIONS = YES;
				CLANG_WARN_DIRECT_OBJC_ISA_USAGE = YES_ERROR;
				CLANG_WARN_DOCUMENTATION_COMMENTS = YES;
				CLANG_WARN_EMPTY_BODY = YES;
				CLANG_WARN_ENUM_CONVERSION = YES;
				CLANG_WARN_INFINITE_RECURSION = YES;
				CLANG_WARN_INT_CONVERSION = YES;
				CLANG_WARN_NON_LITERAL_NULL_CONVERSION = YES;
				CLANG_WARN_OBJC_IMPLICIT_RETAIN_SELF = YES;
				CLANG_WARN_OBJC_LITERAL_CONVERSION = YES;
				CLANG_WARN_OBJC_ROOT_CLASS = YES_ERROR;
				CLANG_WARN_QUOTED_INCLUDE_IN_FRAMEWORK_HEADER = YES;
				CLANG_WARN_RANGE_LOOP_ANALYSIS = YES;
				CLANG_WARN_STRICT_PROTOTYPES = YES;
				CLANG_WARN_SUSPICIOUS_MOVE = YES;
				CLANG_WARN_UNGUARDED_AVAILABILITY = YES_AGGRESSIVE;
				CLANG_WARN_UNREACHABLE_CODE = YES;
				CLANG_WARN__DUPLICATE_METHOD_MATCH = YES;
				COPY_PHASE_STRIP = NO;
				DEBUG_INFORMATION_FORMAT = dwarf;
				ENABLE_STRICT_OBJC_MSGSEND = YES;
				ENABLE_TESTABILITY = YES;
				ENABLE_USER_SCRIPT_SANDBOXING = YES;
				GCC_C_LANGUAGE_STANDARD = gnu17;
				GCC_DYNAMIC_NO_PIC = NO;
				GCC_NO_COMMON_BLOCKS = YES;
				GCC_OPTIMIZATION_LEVEL = 0;
				GCC_PREPROCESSOR_DEFINITIONS = (
					"DEBUG=1",
					"$(inherited)",
				);
				GCC_WARN_64_TO_32_BIT_CONVERSION = YES;
				GCC_WARN_ABOUT_RETURN_TYPE = YES_ERROR;
				GCC_WARN_UNDECLARED_SELECTOR = YES;
				GCC_WARN_UNINITIALIZED_AUTOS = YES_AGGRESSIVE;
				GCC_WARN_UNUSED_FUNCTION = YES;
				GCC_WARN_UNUSED_VARIABLE = YES;
				IPHONEOS_DEPLOYMENT_TARGET = 17.5;
				LOCALIZATION_PREFERS_STRING_CATALOGS = YES;
				MTL_ENABLE_DEBUG_INFO = INCLUDE_SOURCE;
				MTL_FAST_MATH = YES;
				ONLY_ACTIVE_ARCH = YES;
				SDKROOT = iphoneos;
				SWIFT_ACTIVE_COMPILATION_CONDITIONS = "DEBUG $(inherited)";
				SWIFT_OPTIMIZATION_LEVEL = "-Onone";
			};
			name = Debug;
		};
		FCCCA8632CDFF95F00FAECDA /* Release */ = {
			isa = XCBuildConfiguration;
			buildSettings = {
				ALWAYS_SEARCH_USER_PATHS = NO;
				ASSETCATALOG_COMPILER_GENERATE_SWIFT_ASSET_SYMBOL_EXTENSIONS = YES;
				CLANG_ANALYZER_NONNULL = YES;
				CLANG_ANALYZER_NUMBER_OBJECT_CONVERSION = YES_AGGRESSIVE;
				CLANG_CXX_LANGUAGE_STANDARD = "gnu++20";
				CLANG_ENABLE_MODULES = YES;
				CLANG_ENABLE_OBJC_ARC = YES;
				CLANG_ENABLE_OBJC_WEAK = YES;
				CLANG_WARN_BLOCK_CAPTURE_AUTORELEASING = YES;
				CLANG_WARN_BOOL_CONVERSION = YES;
				CLANG_WARN_COMMA = YES;
				CLANG_WARN_CONSTANT_CONVERSION = YES;
				CLANG_WARN_DEPRECATED_OBJC_IMPLEMENTATIONS = YES;
				CLANG_WARN_DIRECT_OBJC_ISA_USAGE = YES_ERROR;
				CLANG_WARN_DOCUMENTATION_COMMENTS = YES;
				CLANG_WARN_EMPTY_BODY = YES;
				CLANG_WARN_ENUM_CONVERSION = YES;
				CLANG_WARN_INFINITE_RECURSION = YES;
				CLANG_WARN_INT_CONVERSION = YES;
				CLANG_WARN_NON_LITERAL_NULL_CONVERSION = YES;
				CLANG_WARN_OBJC_IMPLICIT_RETAIN_SELF = YES;
				CLANG_WARN_OBJC_LITERAL_CONVERSION = YES;
				CLANG_WARN_OBJC_ROOT_CLASS = YES_ERROR;
				CLANG_WARN_QUOTED_INCLUDE_IN_FRAMEWORK_HEADER = YES;
				CLANG_WARN_RANGE_LOOP_ANALYSIS = YES;
				CLANG_WARN_STRICT_PROTOTYPES = YES;
				CLANG_WARN_SUSPICIOUS_MOVE = YES;
				CLANG_WARN_UNGUARDED_AVAILABILITY = YES_AGGRESSIVE;
				CLANG_WARN_UNREACHABLE_CODE = YES;
				CLANG_WARN__DUPLICATE_METHOD_MATCH = YES;
				COPY_PHASE_STRIP = NO;
				DEBUG_INFORMATION_FORMAT = "dwarf-with-dsym";
				ENABLE_NS_ASSERTIONS = NO;
				ENABLE_STRICT_OBJC_MSGSEND = YES;
				ENABLE_USER_SCRIPT_SANDBOXING = YES;
				GCC_C_LANGUAGE_STANDARD = gnu17;
				GCC_NO_COMMON_BLOCKS = YES;
				GCC_WARN_64_TO_32_BIT_CONVERSION = YES;
				GCC_WARN_ABOUT_RETURN_TYPE = YES_ERROR;
				GCC_WARN_UNDECLARED_SELECTOR = YES;
				GCC_WARN_UNINITIALIZED_AUTOS = YES_AGGRESSIVE;
				GCC_WARN_UNUSED_FUNCTION = YES;
				GCC_WARN_UNUSED_VARIABLE = YES;
				IPHONEOS_DEPLOYMENT_TARGET = 17.5;
				LOCALIZATION_PREFERS_STRING_CATALOGS = YES;
				MTL_ENABLE_DEBUG_INFO = NO;
				MTL_FAST_MATH = YES;
				SDKROOT = iphoneos;
				SWIFT_COMPILATION_MODE = wholemodule;
				VALIDATE_PRODUCT = YES;
			};
			name = Release;
		};
		FCCCA8652CDFF95F00FAECDA /* Debug */ = {
			isa = XCBuildConfiguration;
			buildSettings = {
				ASSETCATALOG_COMPILER_APPICON_NAME = AppIcon;
				ASSETCATALOG_COMPILER_GLOBAL_ACCENT_COLOR_NAME = AccentColor;
				CODE_SIGN_STYLE = Automatic;
				CURRENT_PROJECT_VERSION = 1;
				DEVELOPMENT_TEAM = T48D6BLZJD;
				GENERATE_INFOPLIST_FILE = YES;
				INFOPLIST_FILE = FavsApp/Info.plist;
				INFOPLIST_KEY_UIApplicationSupportsIndirectInputEvents = YES;
				INFOPLIST_KEY_UILaunchStoryboardName = LaunchScreen;
				INFOPLIST_KEY_UIMainStoryboardFile = Main;
				INFOPLIST_KEY_UISupportedInterfaceOrientations_iPad = "UIInterfaceOrientationPortrait UIInterfaceOrientationPortraitUpsideDown UIInterfaceOrientationLandscapeLeft UIInterfaceOrientationLandscapeRight";
				INFOPLIST_KEY_UISupportedInterfaceOrientations_iPhone = "UIInterfaceOrientationPortrait UIInterfaceOrientationLandscapeLeft UIInterfaceOrientationLandscapeRight";
				LD_RUNPATH_SEARCH_PATHS = (
					"$(inherited)",
					"@executable_path/Frameworks",
				);
				MARKETING_VERSION = 1.0;
				PRODUCT_BUNDLE_IDENTIFIER = example.FavsApp;
				PRODUCT_NAME = "$(TARGET_NAME)";
				SWIFT_EMIT_LOC_STRINGS = YES;
				SWIFT_VERSION = 5.0;
				TARGETED_DEVICE_FAMILY = "1,2";
			};
			name = Debug;
		};
		FCCCA8662CDFF95F00FAECDA /* Release */ = {
			isa = XCBuildConfiguration;
			buildSettings = {
				ASSETCATALOG_COMPILER_APPICON_NAME = AppIcon;
				ASSETCATALOG_COMPILER_GLOBAL_ACCENT_COLOR_NAME = AccentColor;
				CODE_SIGN_STYLE = Automatic;
				CURRENT_PROJECT_VERSION = 1;
				DEVELOPMENT_TEAM = T48D6BLZJD;
				GENERATE_INFOPLIST_FILE = YES;
				INFOPLIST_FILE = FavsApp/Info.plist;
				INFOPLIST_KEY_UIApplicationSupportsIndirectInputEvents = YES;
				INFOPLIST_KEY_UILaunchStoryboardName = LaunchScreen;
				INFOPLIST_KEY_UIMainStoryboardFile = Main;
				INFOPLIST_KEY_UISupportedInterfaceOrientations_iPad = "UIInterfaceOrientationPortrait UIInterfaceOrientationPortraitUpsideDown UIInterfaceOrientationLandscapeLeft UIInterfaceOrientationLandscapeRight";
				INFOPLIST_KEY_UISupportedInterfaceOrientations_iPhone = "UIInterfaceOrientationPortrait UIInterfaceOrientationLandscapeLeft UIInterfaceOrientationLandscapeRight";
				LD_RUNPATH_SEARCH_PATHS = (
					"$(inherited)",
					"@executable_path/Frameworks",
				);
				MARKETING_VERSION = 1.0;
				PRODUCT_BUNDLE_IDENTIFIER = example.FavsApp;
				PRODUCT_NAME = "$(TARGET_NAME)";
				SWIFT_EMIT_LOC_STRINGS = YES;
				SWIFT_VERSION = 5.0;
				TARGETED_DEVICE_FAMILY = "1,2";
			};
			name = Release;
		};
/* End XCBuildConfiguration section */

/* Begin XCConfigurationList section */
		FCCCA84B2CDFF95E00FAECDA /* Build configuration list for PBXProject "FavsApp" */ = {
			isa = XCConfigurationList;
			buildConfigurations = (
				FCCCA8622CDFF95F00FAECDA /* Debug */,
				FCCCA8632CDFF95F00FAECDA /* Release */,
			);
			defaultConfigurationIsVisible = 0;
			defaultConfigurationName = Release;
		};
		FCCCA8642CDFF95F00FAECDA /* Build configuration list for PBXNativeTarget "FavsApp" */ = {
			isa = XCConfigurationList;
			buildConfigurations = (
				FCCCA8652CDFF95F00FAECDA /* Debug */,
				FCCCA8662CDFF95F00FAECDA /* Release */,
			);
			defaultConfigurationIsVisible = 0;
			defaultConfigurationName = Release;
		};
/* End XCConfigurationList section */
	};
	rootObject = FCCCA8482CDFF95E00FAECDA /* Project object */;
}
